// !$*UTF8*$!
{
	archiveVersion = 1;
	classes = {
	};
	objectVersion = 55;
	objects = {

/* Begin PBXBuildFile section */
		4B1F073928213F95008635CC /* style.html in Resources */ = {isa = PBXBuildFile; fileRef = 4B1F073728213F95008635CC /* style.html */; };
		4B1F073A28213F95008635CC /* data.json in Resources */ = {isa = PBXBuildFile; fileRef = 4B1F073828213F95008635CC /* data.json */; };
		4B1F073C282140EC008635CC /* Models.swift in Sources */ = {isa = PBXBuildFile; fileRef = 4B1F073B282140EC008635CC /* Models.swift */; };
		4B1F073E28218229008635CC /* HomeViewRow.swift in Sources */ = {isa = PBXBuildFile; fileRef = 4B1F073D28218229008635CC /* HomeViewRow.swift */; };
		4B1F074028218AB6008635CC /* ContentView.swift in Sources */ = {isa = PBXBuildFile; fileRef = 4B1F073F28218AB6008635CC /* ContentView.swift */; };
		4B1F07432821A4CF008635CC /* ContentViewRow.swift in Sources */ = {isa = PBXBuildFile; fileRef = 4B1F07422821A4CF008635CC /* ContentViewRow.swift */; };
		4B1F07452821A985008635CC /* ContentDetailView.swift in Sources */ = {isa = PBXBuildFile; fileRef = 4B1F07442821A985008635CC /* ContentDetailView.swift */; };
		4B1F07482821AC98008635CC /* AVKit.framework in Frameworks */ = {isa = PBXBuildFile; fileRef = 4B1F07472821AC98008635CC /* AVKit.framework */; };
		4B1F074A2821B3AA008635CC /* Constants.swift in Sources */ = {isa = PBXBuildFile; fileRef = 4B1F07492821B3AA008635CC /* Constants.swift */; };
		4B87835B281DF2EA00CB46D4 /* Learning_App.swift in Sources */ = {isa = PBXBuildFile; fileRef = 4B87835A281DF2EA00CB46D4 /* Learning_App.swift */; };
		4B87835D281DF2EA00CB46D4 /* HomeView.swift in Sources */ = {isa = PBXBuildFile; fileRef = 4B87835C281DF2EA00CB46D4 /* HomeView.swift */; };
		4B87835F281DF2EF00CB46D4 /* Assets.xcassets in Resources */ = {isa = PBXBuildFile; fileRef = 4B87835E281DF2EF00CB46D4 /* Assets.xcassets */; };
		4B878362281DF2EF00CB46D4 /* Preview Assets.xcassets in Resources */ = {isa = PBXBuildFile; fileRef = 4B878361281DF2EF00CB46D4 /* Preview Assets.xcassets */; };
		4B87836E281DF3EF00CB46D4 /* ContentModel.swift in Sources */ = {isa = PBXBuildFile; fileRef = 4B87836D281DF3EF00CB46D4 /* ContentModel.swift */; };
/* End PBXBuildFile section */

/* Begin PBXFileReference section */
		4B1F073728213F95008635CC /* style.html */ = {isa = PBXFileReference; fileEncoding = 4; lastKnownFileType = text.html; path = style.html; sourceTree = "<group>"; };
		4B1F073828213F95008635CC /* data.json */ = {isa = PBXFileReference; fileEncoding = 4; lastKnownFileType = text.json; path = data.json; sourceTree = "<group>"; };
		4B1F073B282140EC008635CC /* Models.swift */ = {isa = PBXFileReference; lastKnownFileType = sourcecode.swift; path = Models.swift; sourceTree = "<group>"; };
		4B1F073D28218229008635CC /* HomeViewRow.swift */ = {isa = PBXFileReference; lastKnownFileType = sourcecode.swift; path = HomeViewRow.swift; sourceTree = "<group>"; };
		4B1F073F28218AB6008635CC /* ContentView.swift */ = {isa = PBXFileReference; lastKnownFileType = sourcecode.swift; path = ContentView.swift; sourceTree = "<group>"; };
		4B1F07422821A4CF008635CC /* ContentViewRow.swift */ = {isa = PBXFileReference; lastKnownFileType = sourcecode.swift; path = ContentViewRow.swift; sourceTree = "<group>"; };
		4B1F07442821A985008635CC /* ContentDetailView.swift */ = {isa = PBXFileReference; lastKnownFileType = sourcecode.swift; path = ContentDetailView.swift; sourceTree = "<group>"; };
		4B1F07472821AC98008635CC /* AVKit.framework */ = {isa = PBXFileReference; lastKnownFileType = wrapper.framework; name = AVKit.framework; path = System/Library/Frameworks/AVKit.framework; sourceTree = SDKROOT; };
		4B1F07492821B3AA008635CC /* Constants.swift */ = {isa = PBXFileReference; lastKnownFileType = sourcecode.swift; path = Constants.swift; sourceTree = "<group>"; };
		4B878357281DF2EA00CB46D4 /* Learning App.app */ = {isa = PBXFileReference; explicitFileType = wrapper.application; includeInIndex = 0; path = "Learning App.app"; sourceTree = BUILT_PRODUCTS_DIR; };
		4B87835A281DF2EA00CB46D4 /* Learning_App.swift */ = {isa = PBXFileReference; lastKnownFileType = sourcecode.swift; path = Learning_App.swift; sourceTree = "<group>"; };
		4B87835C281DF2EA00CB46D4 /* HomeView.swift */ = {isa = PBXFileReference; lastKnownFileType = sourcecode.swift; path = HomeView.swift; sourceTree = "<group>"; };
		4B87835E281DF2EF00CB46D4 /* Assets.xcassets */ = {isa = PBXFileReference; lastKnownFileType = folder.assetcatalog; path = Assets.xcassets; sourceTree = "<group>"; };
		4B878361281DF2EF00CB46D4 /* Preview Assets.xcassets */ = {isa = PBXFileReference; lastKnownFileType = folder.assetcatalog; path = "Preview Assets.xcassets"; sourceTree = "<group>"; };
		4B87836D281DF3EF00CB46D4 /* ContentModel.swift */ = {isa = PBXFileReference; lastKnownFileType = sourcecode.swift; path = ContentModel.swift; sourceTree = "<group>"; };
/* End PBXFileReference section */

/* Begin PBXFrameworksBuildPhase section */
		4B878354281DF2EA00CB46D4 /* Frameworks */ = {
			isa = PBXFrameworksBuildPhase;
			buildActionMask = 2147483647;
			files = (
				4B1F07482821AC98008635CC /* AVKit.framework in Frameworks */,
			);
			runOnlyForDeploymentPostprocessing = 0;
		};
/* End PBXFrameworksBuildPhase section */

/* Begin PBXGroup section */
		4B1F07462821AC98008635CC /* Frameworks */ = {
			isa = PBXGroup;
			children = (
				4B1F07472821AC98008635CC /* AVKit.framework */,
			);
			name = Frameworks;
			sourceTree = "<group>";
		};
		4B87834E281DF2EA00CB46D4 = {
			isa = PBXGroup;
			children = (
				4B878359281DF2EA00CB46D4 /* Learning App */,
				4B878358281DF2EA00CB46D4 /* Products */,
				4B1F07462821AC98008635CC /* Frameworks */,
			);
			sourceTree = "<group>";
		};
		4B878358281DF2EA00CB46D4 /* Products */ = {
			isa = PBXGroup;
			children = (
				4B878357281DF2EA00CB46D4 /* Learning App.app */,
			);
			name = Products;
			sourceTree = "<group>";
		};
		4B878359281DF2EA00CB46D4 /* Learning App */ = {
			isa = PBXGroup;
			children = (
				4B87835A281DF2EA00CB46D4 /* Learning_App.swift */,
				4B87836C281DF3AC00CB46D4 /* Views */,
				4B87836B281DF3A600CB46D4 /* ModelViews */,
				4B87836A281DF3A300CB46D4 /* Models */,
				4B878369281DF38F00CB46D4 /* Resources */,
				4B878368281DF38900CB46D4 /* Helpers */,
				4B87835E281DF2EF00CB46D4 /* Assets.xcassets */,
				4B878360281DF2EF00CB46D4 /* Preview Content */,
			);
			path = "Learning App";
			sourceTree = "<group>";
		};
		4B878360281DF2EF00CB46D4 /* Preview Content */ = {
			isa = PBXGroup;
			children = (
				4B878361281DF2EF00CB46D4 /* Preview Assets.xcassets */,
			);
			path = "Preview Content";
			sourceTree = "<group>";
		};
		4B878368281DF38900CB46D4 /* Helpers */ = {
			isa = PBXGroup;
			children = (
			);
			path = Helpers;
			sourceTree = "<group>";
		};
		4B878369281DF38F00CB46D4 /* Resources */ = {
			isa = PBXGroup;
			children = (
				4B1F073828213F95008635CC /* data.json */,
				4B1F073728213F95008635CC /* style.html */,
				4B1F07492821B3AA008635CC /* Constants.swift */,
			);
			path = Resources;
			sourceTree = "<group>";
		};
		4B87836A281DF3A300CB46D4 /* Models */ = {
			isa = PBXGroup;
			children = (
				4B1F073B282140EC008635CC /* Models.swift */,
			);
			path = Models;
			sourceTree = "<group>";
		};
		4B87836B281DF3A600CB46D4 /* ModelViews */ = {
			isa = PBXGroup;
			children = (
				4B87836D281DF3EF00CB46D4 /* ContentModel.swift */,
			);
			path = ModelViews;
			sourceTree = "<group>";
		};
		4B87836C281DF3AC00CB46D4 /* Views */ = {
			isa = PBXGroup;
			children = (
				4B87835C281DF2EA00CB46D4 /* HomeView.swift */,
				4B1F073D28218229008635CC /* HomeViewRow.swift */,
				4B1F073F28218AB6008635CC /* ContentView.swift */,
				4B1F07422821A4CF008635CC /* ContentViewRow.swift */,
				4B1F07442821A985008635CC /* ContentDetailView.swift */,
			);
			path = Views;
			sourceTree = "<group>";
		};
/* End PBXGroup section */

/* Begin PBXNativeTarget section */
		4B878356281DF2EA00CB46D4 /* Learning App */ = {
			isa = PBXNativeTarget;
			buildConfigurationList = 4B878365281DF2EF00CB46D4 /* Build configuration list for PBXNativeTarget "Learning App" */;
			buildPhases = (
				4B878353281DF2EA00CB46D4 /* Sources */,
				4B878354281DF2EA00CB46D4 /* Frameworks */,
				4B878355281DF2EA00CB46D4 /* Resources */,
			);
			buildRules = (
			);
			dependencies = (
			);
			name = "Learning App";
			productName = "Learning App";
			productReference = 4B878357281DF2EA00CB46D4 /* Learning App.app */;
			productType = "com.apple.product-type.application";
		};
/* End PBXNativeTarget section */

/* Begin PBXProject section */
		4B87834F281DF2EA00CB46D4 /* Project object */ = {
			isa = PBXProject;
			attributes = {
				BuildIndependentTargetsInParallel = 1;
				LastSwiftUpdateCheck = 1320;
				LastUpgradeCheck = 1320;
				TargetAttributes = {
					4B878356281DF2EA00CB46D4 = {
						CreatedOnToolsVersion = 13.2.1;
					};
				};
			};
			buildConfigurationList = 4B878352281DF2EA00CB46D4 /* Build configuration list for PBXProject "Learning App" */;
			compatibilityVersion = "Xcode 13.0";
			developmentRegion = en;
			hasScannedForEncodings = 0;
			knownRegions = (
				en,
				Base,
			);
			mainGroup = 4B87834E281DF2EA00CB46D4;
			productRefGroup = 4B878358281DF2EA00CB46D4 /* Products */;
			projectDirPath = "";
			projectRoot = "";
			targets = (
				4B878356281DF2EA00CB46D4 /* Learning App */,
			);
		};
/* End PBXProject section */

/* Begin PBXResourcesBuildPhase section */
		4B878355281DF2EA00CB46D4 /* Resources */ = {
			isa = PBXResourcesBuildPhase;
			buildActionMask = 2147483647;
			files = (
				4B1F073928213F95008635CC /* style.html in Resources */,
				4B878362281DF2EF00CB46D4 /* Preview Assets.xcassets in Resources */,
				4B87835F281DF2EF00CB46D4 /* Assets.xcassets in Resources */,
				4B1F073A28213F95008635CC /* data.json in Resources */,
			);
			runOnlyForDeploymentPostprocessing = 0;
		};
/* End PBXResourcesBuildPhase section */

/* Begin PBXSourcesBuildPhase section */
		4B878353281DF2EA00CB46D4 /* Sources */ = {
			isa = PBXSourcesBuildPhase;
			buildActionMask = 2147483647;
			files = (
				4B87835D281DF2EA00CB46D4 /* HomeView.swift in Sources */,
				4B1F073E28218229008635CC /* HomeViewRow.swift in Sources */,
				4B1F074028218AB6008635CC /* ContentView.swift in Sources */,
				4B1F07452821A985008635CC /* ContentDetailView.swift in Sources */,
				4B87835B281DF2EA00CB46D4 /* Learning_App.swift in Sources */,
				4B1F07432821A4CF008635CC /* ContentViewRow.swift in Sources */,
				4B87836E281DF3EF00CB46D4 /* ContentModel.swift in Sources */,
				4B1F073C282140EC008635CC /* Models.swift in Sources */,
				4B1F074A2821B3AA008635CC /* Constants.swift in Sources */,
			);
			runOnlyForDeploymentPostprocessing = 0;
		};
/* End PBXSourcesBuildPhase section */

/* Begin XCBuildConfiguration section */
		4B878363281DF2EF00CB46D4 /* Debug */ = {
			isa = XCBuildConfiguration;
			buildSettings = {
				ALWAYS_SEARCH_USER_PATHS = NO;
				CLANG_ANALYZER_NONNULL = YES;
				CLANG_ANALYZER_NUMBER_OBJECT_CONVERSION = YES_AGGRESSIVE;
				CLANG_CXX_LANGUAGE_STANDARD = "gnu++17";
				CLANG_CXX_LIBRARY = "libc++";
				CLANG_ENABLE_MODULES = YES;
				CLANG_ENABLE_OBJC_ARC = YES;
				CLANG_ENABLE_OBJC_WEAK = YES;
				CLANG_WARN_BLOCK_CAPTURE_AUTORELEASING = YES;
				CLANG_WARN_BOOL_CONVERSION = YES;
				CLANG_WARN_COMMA = YES;
				CLANG_WARN_CONSTANT_CONVERSION = YES;
				CLANG_WARN_DEPRECATED_OBJC_IMPLEMENTATIONS = YES;
				CLANG_WARN_DIRECT_OBJC_ISA_USAGE = YES_ERROR;
				CLANG_WARN_DOCUMENTATION_COMMENTS = YES;
				CLANG_WARN_EMPTY_BODY = YES;
				CLANG_WARN_ENUM_CONVERSION = YES;
				CLANG_WARN_INFINITE_RECURSION = YES;
				CLANG_WARN_INT_CONVERSION = YES;
				CLANG_WARN_NON_LITERAL_NULL_CONVERSION = YES;
				CLANG_WARN_OBJC_IMPLICIT_RETAIN_SELF = YES;
				CLANG_WARN_OBJC_LITERAL_CONVERSION = YES;
				CLANG_WARN_OBJC_ROOT_CLASS = YES_ERROR;
				CLANG_WARN_QUOTED_INCLUDE_IN_FRAMEWORK_HEADER = YES;
				CLANG_WARN_RANGE_LOOP_ANALYSIS = YES;
				CLANG_WARN_STRICT_PROTOTYPES = YES;
				CLANG_WARN_SUSPICIOUS_MOVE = YES;
				CLANG_WARN_UNGUARDED_AVAILABILITY = YES_AGGRESSIVE;
				CLANG_WARN_UNREACHABLE_CODE = YES;
				CLANG_WARN__DUPLICATE_METHOD_MATCH = YES;
				COPY_PHASE_STRIP = NO;
				DEBUG_INFORMATION_FORMAT = dwarf;
				ENABLE_STRICT_OBJC_MSGSEND = YES;
				ENABLE_TESTABILITY = YES;
				GCC_C_LANGUAGE_STANDARD = gnu11;
				GCC_DYNAMIC_NO_PIC = NO;
				GCC_NO_COMMON_BLOCKS = YES;
				GCC_OPTIMIZATION_LEVEL = 0;
				GCC_PREPROCESSOR_DEFINITIONS = (
					"DEBUG=1",
					"$(inherited)",
				);
				GCC_WARN_64_TO_32_BIT_CONVERSION = YES;
				GCC_WARN_ABOUT_RETURN_TYPE = YES_ERROR;
				GCC_WARN_UNDECLARED_SELECTOR = YES;
				GCC_WARN_UNINITIALIZED_AUTOS = YES_AGGRESSIVE;
				GCC_WARN_UNUSED_FUNCTION = YES;
				GCC_WARN_UNUSED_VARIABLE = YES;
				IPHONEOS_DEPLOYMENT_TARGET = 15.2;
				MTL_ENABLE_DEBUG_INFO = INCLUDE_SOURCE;
				MTL_FAST_MATH = YES;
				ONLY_ACTIVE_ARCH = YES;
				SDKROOT = iphoneos;
				SWIFT_ACTIVE_COMPILATION_CONDITIONS = DEBUG;
				SWIFT_OPTIMIZATION_LEVEL = "-Onone";
			};
			name = Debug;
		};
		4B878364281DF2EF00CB46D4 /* Release */ = {
			isa = XCBuildConfiguration;
			buildSettings = {
				ALWAYS_SEARCH_USER_PATHS = NO;
				CLANG_ANALYZER_NONNULL = YES;
				CLANG_ANALYZER_NUMBER_OBJECT_CONVERSION = YES_AGGRESSIVE;
				CLANG_CXX_LANGUAGE_STANDARD = "gnu++17";
				CLANG_CXX_LIBRARY = "libc++";
				CLANG_ENABLE_MODULES = YES;
				CLANG_ENABLE_OBJC_ARC = YES;
				CLANG_ENABLE_OBJC_WEAK = YES;
				CLANG_WARN_BLOCK_CAPTURE_AUTORELEASING = YES;
				CLANG_WARN_BOOL_CONVERSION = YES;
				CLANG_WARN_COMMA = YES;
				CLANG_WARN_CONSTANT_CONVERSION = YES;
				CLANG_WARN_DEPRECATED_OBJC_IMPLEMENTATIONS = YES;
				CLANG_WARN_DIRECT_OBJC_ISA_USAGE = YES_ERROR;
				CLANG_WARN_DOCUMENTATION_COMMENTS = YES;
				CLANG_WARN_EMPTY_BODY = YES;
				CLANG_WARN_ENUM_CONVERSION = YES;
				CLANG_WARN_INFINITE_RECURSION = YES;
				CLANG_WARN_INT_CONVERSION = YES;
				CLANG_WARN_NON_LITERAL_NULL_CONVERSION = YES;
				CLANG_WARN_OBJC_IMPLICIT_RETAIN_SELF = YES;
				CLANG_WARN_OBJC_LITERAL_CONVERSION = YES;
				CLANG_WARN_OBJC_ROOT_CLASS = YES_ERROR;
				CLANG_WARN_QUOTED_INCLUDE_IN_FRAMEWORK_HEADER = YES;
				CLANG_WARN_RANGE_LOOP_ANALYSIS = YES;
				CLANG_WARN_STRICT_PROTOTYPES = YES;
				CLANG_WARN_SUSPICIOUS_MOVE = YES;
				CLANG_WARN_UNGUARDED_AVAILABILITY = YES_AGGRESSIVE;
				CLANG_WARN_UNREACHABLE_CODE = YES;
				CLANG_WARN__DUPLICATE_METHOD_MATCH = YES;
				COPY_PHASE_STRIP = NO;
				DEBUG_INFORMATION_FORMAT = "dwarf-with-dsym";
				ENABLE_NS_ASSERTIONS = NO;
				ENABLE_STRICT_OBJC_MSGSEND = YES;
				GCC_C_LANGUAGE_STANDARD = gnu11;
				GCC_NO_COMMON_BLOCKS = YES;
				GCC_WARN_64_TO_32_BIT_CONVERSION = YES;
				GCC_WARN_ABOUT_RETURN_TYPE = YES_ERROR;
				GCC_WARN_UNDECLARED_SELECTOR = YES;
				GCC_WARN_UNINITIALIZED_AUTOS = YES_AGGRESSIVE;
				GCC_WARN_UNUSED_FUNCTION = YES;
				GCC_WARN_UNUSED_VARIABLE = YES;
				IPHONEOS_DEPLOYMENT_TARGET = 15.2;
				MTL_ENABLE_DEBUG_INFO = NO;
				MTL_FAST_MATH = YES;
				SDKROOT = iphoneos;
				SWIFT_COMPILATION_MODE = wholemodule;
				SWIFT_OPTIMIZATION_LEVEL = "-O";
				VALIDATE_PRODUCT = YES;
			};
			name = Release;
		};
		4B878366281DF2EF00CB46D4 /* Debug */ = {
			isa = XCBuildConfiguration;
			buildSettings = {
				ASSETCATALOG_COMPILER_APPICON_NAME = AppIcon;
				ASSETCATALOG_COMPILER_GLOBAL_ACCENT_COLOR_NAME = AccentColor;
				CODE_SIGN_STYLE = Automatic;
				CURRENT_PROJECT_VERSION = 1;
				DEVELOPMENT_ASSET_PATHS = "\"Learning App/Preview Content\"";
				DEVELOPMENT_TEAM = 73Q565LU2J;
				ENABLE_PREVIEWS = YES;
				GENERATE_INFOPLIST_FILE = YES;
				INFOPLIST_KEY_UIApplicationSceneManifest_Generation = YES;
				INFOPLIST_KEY_UIApplicationSupportsIndirectInputEvents = YES;
				INFOPLIST_KEY_UILaunchScreen_Generation = YES;
				INFOPLIST_KEY_UISupportedInterfaceOrientations_iPad = "UIInterfaceOrientationPortrait UIInterfaceOrientationPortraitUpsideDown UIInterfaceOrientationLandscapeLeft UIInterfaceOrientationLandscapeRight";
				INFOPLIST_KEY_UISupportedInterfaceOrientations_iPhone = "UIInterfaceOrientationPortrait UIInterfaceOrientationLandscapeLeft UIInterfaceOrientationLandscapeRight";
				LD_RUNPATH_SEARCH_PATHS = (
					"$(inherited)",
					"@executable_path/Frameworks",
				);
				MARKETING_VERSION = 1.0;
				PRODUCT_BUNDLE_IDENTIFIER = "nagornik.Learning-App";
				PRODUCT_NAME = "$(TARGET_NAME)";
				SWIFT_EMIT_LOC_STRINGS = YES;
				SWIFT_VERSION = 5.0;
				TARGETED_DEVICE_FAMILY = "1,2";
			};
			name = Debug;
		};
		4B878367281DF2EF00CB46D4 /* Release */ = {
			isa = XCBuildConfiguration;
			buildSettings = {
				ASSETCATALOG_COMPILER_APPICON_NAME = AppIcon;
				ASSETCATALOG_COMPILER_GLOBAL_ACCENT_COLOR_NAME = AccentColor;
				CODE_SIGN_STYLE = Automatic;
				CURRENT_PROJECT_VERSION = 1;
				DEVELOPMENT_ASSET_PATHS = "\"Learning App/Preview Content\"";
				DEVELOPMENT_TEAM = 73Q565LU2J;
				ENABLE_PREVIEWS = YES;
				GENERATE_INFOPLIST_FILE = YES;
				INFOPLIST_KEY_UIApplicationSceneManifest_Generation = YES;
				INFOPLIST_KEY_UIApplicationSupportsIndirectInputEvents = YES;
				INFOPLIST_KEY_UILaunchScreen_Generation = YES;
				INFOPLIST_KEY_UISupportedInterfaceOrientations_iPad = "UIInterfaceOrientationPortrait UIInterfaceOrientationPortraitUpsideDown UIInterfaceOrientationLandscapeLeft UIInterfaceOrientationLandscapeRight";
				INFOPLIST_KEY_UISupportedInterfaceOrientations_iPhone = "UIInterfaceOrientationPortrait UIInterfaceOrientationLandscapeLeft UIInterfaceOrientationLandscapeRight";
				LD_RUNPATH_SEARCH_PATHS = (
					"$(inherited)",
					"@executable_path/Frameworks",
				);
				MARKETING_VERSION = 1.0;
				PRODUCT_BUNDLE_IDENTIFIER = "nagornik.Learning-App";
				PRODUCT_NAME = "$(TARGET_NAME)";
				SWIFT_EMIT_LOC_STRINGS = YES;
				SWIFT_VERSION = 5.0;
				TARGETED_DEVICE_FAMILY = "1,2";
			};
			name = Release;
		};
/* End XCBuildConfiguration section */

/* Begin XCConfigurationList section */
		4B878352281DF2EA00CB46D4 /* Build configuration list for PBXProject "Learning App" */ = {
			isa = XCConfigurationList;
			buildConfigurations = (
				4B878363281DF2EF00CB46D4 /* Debug */,
				4B878364281DF2EF00CB46D4 /* Release */,
			);
			defaultConfigurationIsVisible = 0;
			defaultConfigurationName = Release;
		};
		4B878365281DF2EF00CB46D4 /* Build configuration list for PBXNativeTarget "Learning App" */ = {
			isa = XCConfigurationList;
			buildConfigurations = (
				4B878366281DF2EF00CB46D4 /* Debug */,
				4B878367281DF2EF00CB46D4 /* Release */,
			);
			defaultConfigurationIsVisible = 0;
			defaultConfigurationName = Release;
		};
/* End XCConfigurationList section */
	};
	rootObject = 4B87834F281DF2EA00CB46D4 /* Project object */;
}
